{
  "name": "monorepo-practice",
  "version": "1.0.0",
  "lockfileVersion": 3,
  "requires": true,
  "packages": {
    "": {
      "name": "monorepo-practice",
      "version": "1.0.0",
      "license": "ISC",
      "workspaces": [
        "apps/*"
      ],
      "devDependencies": {
        "conventional-changelog-eslint": "^6.0.0"
      }
    },
    "apps/app-a": {
      "version": "1.1.0",
      "license": "ISC"
    },
    "apps/app-b": {
      "version": "1.0.0",
      "license": "ISC"
    },
    "node_modules/app-a": {
      "resolved": "apps/app-a",
      "link": true
    },
    "node_modules/app-b": {
      "resolved": "apps/app-b",
      "link": true
    },
    "node_modules/conventional-changelog-eslint": {
      "version": "6.0.0",
      "resolved": "https://registry.npmjs.org/conventional-changelog-eslint/-/conventional-changelog-eslint-6.0.0.tgz",
      "integrity": "sha512-eiUyULWjzq+ybPjXwU6NNRflApDWlPEQEHvI8UAItYW/h22RKkMnOAtfCZxMmrcMO1OKUWtcf2MxKYMWe9zJuw==",
      "dev": true,
      "engines": {
        "node": ">=18"
      }
    }
  }
}
