{
  "name": "monorepo-practice",
  "version": "1.0.0",
  "lockfileVersion": 3,
  "requires": true,
  "packages": {
    "": {
      "name": "monorepo-practice",
      "version": "1.0.0",
      "license": "ISC",
      "workspaces": [
        "apps/*"
      ]
    },
    "apps/app-a": {
      "version": "1.1.0",
      "license": "ISC"
    },
    "apps/app-b": {
      "version": "1.0.0",
      "license": "ISC"
    },
    "node_modules/app-a": {
      "resolved": "apps/app-a",
      "link": true
    },
    "node_modules/app-b": {
      "resolved": "apps/app-b",
      "link": true
    }
  }
}
